
Microsoft Visual Studio Solution File, Format Version 12.00
# Visual Studio Version 16
VisualStudioVersion = 16.0.30309.148
MinimumVisualStudioVersion = 10.0.40219.1
Project("{FAE04EC0-301F-11D3-BF4B-00C04F79EFBC}") = "WearShop", "WearShop\WearShop.csproj", "{751DD75F-91ED-4682-805C-699087707901}"
EndProject
Global
	GlobalSection(SolutionConfigurationPlatforms) = preSolution
		Debug|Any CPU = Debug|Any CPU
		Release|Any CPU = Release|Any CPU
	EndGlobalSection
	GlobalSection(ProjectConfigurationPlatforms) = postSolution
		{751DD75F-91ED-4682-805C-699087707901}.Debug|Any CPU.ActiveCfg = Debug|Any CPU
		{751DD75F-91ED-4682-805C-699087707901}.Debug|Any CPU.Build.0 = Debug|Any CPU
		{751DD75F-91ED-4682-805C-699087707901}.Release|Any CPU.ActiveCfg = Release|Any CPU
		{751DD75F-91ED-4682-805C-699087707901}.Release|Any CPU.Build.0 = Release|Any CPU
	EndGlobalSection
	GlobalSection(SolutionProperties) = preSolution
		HideSolutionNode = FALSE
	EndGlobalSection
	GlobalSection(ExtensibilityGlobals) = postSolution
		SolutionGuid = {30AA1927-35A1-45AC-AF3A-DC8156CF767A}
	EndGlobalSection
EndGlobal
