
Microsoft Visual Studio Solution File, Format Version 12.00
# Visual Studio Version 16
VisualStudioVersion = 16.0.30309.148
MinimumVisualStudioVersion = 10.0.40219.1
Project("{FAE04EC0-301F-11D3-BF4B-00C04F79EFBC}") = "OOP_3", "OOP_3\OOP_3.csproj", "{058B8C59-77CA-4D9D-928B-21340CC7679F}"
EndProject
Global
	GlobalSection(SolutionConfigurationPlatforms) = preSolution
		Debug|Any CPU = Debug|Any CPU
		Release|Any CPU = Release|Any CPU
	EndGlobalSection
	GlobalSection(ProjectConfigurationPlatforms) = postSolution
		{058B8C59-77CA-4D9D-928B-21340CC7679F}.Debug|Any CPU.ActiveCfg = Debug|Any CPU
		{058B8C59-77CA-4D9D-928B-21340CC7679F}.Debug|Any CPU.Build.0 = Debug|Any CPU
		{058B8C59-77CA-4D9D-928B-21340CC7679F}.Release|Any CPU.ActiveCfg = Release|Any CPU
		{058B8C59-77CA-4D9D-928B-21340CC7679F}.Release|Any CPU.Build.0 = Release|Any CPU
	EndGlobalSection
	GlobalSection(SolutionProperties) = preSolution
		HideSolutionNode = FALSE
	EndGlobalSection
	GlobalSection(ExtensibilityGlobals) = postSolution
		SolutionGuid = {0F615063-6A44-4E44-9052-71904586F6BA}
	EndGlobalSection
EndGlobal
